// !$*UTF8*$!
{
	archiveVersion = 1;
	classes = {
	};
	objectVersion = 52;
	objects = {

/* Begin PBXBuildFile section */
		E9F9815E25C99B28002468C5 /* AppDelegate.swift in Sources */ = {isa = PBXBuildFile; fileRef = E9F9815D25C99B28002468C5 /* AppDelegate.swift */; };
		E9F9816025C99B28002468C5 /* SceneDelegate.swift in Sources */ = {isa = PBXBuildFile; fileRef = E9F9815F25C99B28002468C5 /* SceneDelegate.swift */; };
		E9F9816225C99B28002468C5 /* ViewController.swift in Sources */ = {isa = PBXBuildFile; fileRef = E9F9816125C99B28002468C5 /* ViewController.swift */; };
		E9F9816525C99B28002468C5 /* Main.storyboard in Resources */ = {isa = PBXBuildFile; fileRef = E9F9816325C99B28002468C5 /* Main.storyboard */; };
		E9F9816725C99B2A002468C5 /* Assets.xcassets in Resources */ = {isa = PBXBuildFile; fileRef = E9F9816625C99B2A002468C5 /* Assets.xcassets */; };
		E9F9816A25C99B2A002468C5 /* LaunchScreen.storyboard in Resources */ = {isa = PBXBuildFile; fileRef = E9F9816825C99B2A002468C5 /* LaunchScreen.storyboard */; };
		E9F9817425C99E07002468C5 /* .gitignore in Resources */ = {isa = PBXBuildFile; fileRef = E9F9817325C99E07002468C5 /* .gitignore */; };
		E9F9817825C99E99002468C5 /* Currency.swift in Sources */ = {isa = PBXBuildFile; fileRef = E9F9817725C99E99002468C5 /* Currency.swift */; };
		E9F9817B25C99ED7002468C5 /* Exchanger.swift in Sources */ = {isa = PBXBuildFile; fileRef = E9F9817A25C99ED7002468C5 /* Exchanger.swift */; };
		E9F9817E25C99F08002468C5 /* SocketResponseObject.swift in Sources */ = {isa = PBXBuildFile; fileRef = E9F9817D25C99F08002468C5 /* SocketResponseObject.swift */; };
		E9F9818325C99FD2002468C5 /* SubscribedObject.swift in Sources */ = {isa = PBXBuildFile; fileRef = E9F9818225C99FD2002468C5 /* SubscribedObject.swift */; };
		E9F9818B25C9A11C002468C5 /* NetworkProperties.swift in Sources */ = {isa = PBXBuildFile; fileRef = E9F9818A25C9A11C002468C5 /* NetworkProperties.swift */; };
		E9F9819025C9A16E002468C5 /* SocketManager.swift in Sources */ = {isa = PBXBuildFile; fileRef = E9F9818F25C9A16E002468C5 /* SocketManager.swift */; };
		E9F9819425C9A242002468C5 /* Starscream in Frameworks */ = {isa = PBXBuildFile; productRef = E9F9819325C9A242002468C5 /* Starscream */; };
/* End PBXBuildFile section */

/* Begin PBXFileReference section */
		E9F9815A25C99B28002468C5 /* BitCoinTracker.app */ = {isa = PBXFileReference; explicitFileType = wrapper.application; includeInIndex = 0; path = BitCoinTracker.app; sourceTree = BUILT_PRODUCTS_DIR; };
		E9F9815D25C99B28002468C5 /* AppDelegate.swift */ = {isa = PBXFileReference; lastKnownFileType = sourcecode.swift; path = AppDelegate.swift; sourceTree = "<group>"; };
		E9F9815F25C99B28002468C5 /* SceneDelegate.swift */ = {isa = PBXFileReference; lastKnownFileType = sourcecode.swift; path = SceneDelegate.swift; sourceTree = "<group>"; };
		E9F9816125C99B28002468C5 /* ViewController.swift */ = {isa = PBXFileReference; lastKnownFileType = sourcecode.swift; path = ViewController.swift; sourceTree = "<group>"; };
		E9F9816425C99B28002468C5 /* Base */ = {isa = PBXFileReference; lastKnownFileType = file.storyboard; name = Base; path = Base.lproj/Main.storyboard; sourceTree = "<group>"; };
		E9F9816625C99B2A002468C5 /* Assets.xcassets */ = {isa = PBXFileReference; lastKnownFileType = folder.assetcatalog; path = Assets.xcassets; sourceTree = "<group>"; };
		E9F9816925C99B2A002468C5 /* Base */ = {isa = PBXFileReference; lastKnownFileType = file.storyboard; name = Base; path = Base.lproj/LaunchScreen.storyboard; sourceTree = "<group>"; };
		E9F9816B25C99B2A002468C5 /* Info.plist */ = {isa = PBXFileReference; lastKnownFileType = text.plist.xml; path = Info.plist; sourceTree = "<group>"; };
		E9F9817225C99C31002468C5 /* README.md */ = {isa = PBXFileReference; lastKnownFileType = net.daringfireball.markdown; path = README.md; sourceTree = "<group>"; };
		E9F9817325C99E07002468C5 /* .gitignore */ = {isa = PBXFileReference; lastKnownFileType = text; path = .gitignore; sourceTree = "<group>"; };
		E9F9817725C99E99002468C5 /* Currency.swift */ = {isa = PBXFileReference; lastKnownFileType = sourcecode.swift; path = Currency.swift; sourceTree = "<group>"; };
		E9F9817A25C99ED7002468C5 /* Exchanger.swift */ = {isa = PBXFileReference; lastKnownFileType = sourcecode.swift; path = Exchanger.swift; sourceTree = "<group>"; };
		E9F9817D25C99F08002468C5 /* SocketResponseObject.swift */ = {isa = PBXFileReference; lastKnownFileType = sourcecode.swift; path = SocketResponseObject.swift; sourceTree = "<group>"; };
		E9F9818225C99FD2002468C5 /* SubscribedObject.swift */ = {isa = PBXFileReference; lastKnownFileType = sourcecode.swift; path = SubscribedObject.swift; sourceTree = "<group>"; };
		E9F9818A25C9A11C002468C5 /* NetworkProperties.swift */ = {isa = PBXFileReference; lastKnownFileType = sourcecode.swift; path = NetworkProperties.swift; sourceTree = "<group>"; };
		E9F9818F25C9A16E002468C5 /* SocketManager.swift */ = {isa = PBXFileReference; lastKnownFileType = sourcecode.swift; path = SocketManager.swift; sourceTree = "<group>"; };
/* End PBXFileReference section */

/* Begin PBXFrameworksBuildPhase section */
		E9F9815725C99B28002468C5 /* Frameworks */ = {
			isa = PBXFrameworksBuildPhase;
			buildActionMask = 2147483647;
			files = (
				E9F9819425C9A242002468C5 /* Starscream in Frameworks */,
			);
			runOnlyForDeploymentPostprocessing = 0;
		};
/* End PBXFrameworksBuildPhase section */

/* Begin PBXGroup section */
		E9F9815125C99B28002468C5 = {
			isa = PBXGroup;
			children = (
				E9F9815C25C99B28002468C5 /* BitCoinTracker */,
				E9F9815B25C99B28002468C5 /* Products */,
			);
			sourceTree = "<group>";
		};
		E9F9815B25C99B28002468C5 /* Products */ = {
			isa = PBXGroup;
			children = (
				E9F9815A25C99B28002468C5 /* BitCoinTracker.app */,
			);
			name = Products;
			sourceTree = "<group>";
		};
		E9F9815C25C99B28002468C5 /* BitCoinTracker */ = {
			isa = PBXGroup;
			children = (
				E9F9818D25C9A12F002468C5 /* Network */,
				E9F9818025C99F89002468C5 /* Model */,
				E9F9815D25C99B28002468C5 /* AppDelegate.swift */,
				E9F9815F25C99B28002468C5 /* SceneDelegate.swift */,
				E9F9816125C99B28002468C5 /* ViewController.swift */,
				E9F9816325C99B28002468C5 /* Main.storyboard */,
				E9F9816625C99B2A002468C5 /* Assets.xcassets */,
				E9F9816825C99B2A002468C5 /* LaunchScreen.storyboard */,
				E9F9816B25C99B2A002468C5 /* Info.plist */,
				E9F9817225C99C31002468C5 /* README.md */,
				E9F9817325C99E07002468C5 /* .gitignore */,
			);
			path = BitCoinTracker;
			sourceTree = "<group>";
		};
		E9F9818025C99F89002468C5 /* Model */ = {
			isa = PBXGroup;
			children = (
				E9F9817725C99E99002468C5 /* Currency.swift */,
				E9F9817A25C99ED7002468C5 /* Exchanger.swift */,
				E9F9817D25C99F08002468C5 /* SocketResponseObject.swift */,
				E9F9818225C99FD2002468C5 /* SubscribedObject.swift */,
			);
			path = Model;
			sourceTree = "<group>";
		};
		E9F9818D25C9A12F002468C5 /* Network */ = {
			isa = PBXGroup;
			children = (
				E9F9818A25C9A11C002468C5 /* NetworkProperties.swift */,
				E9F9818F25C9A16E002468C5 /* SocketManager.swift */,
			);
			path = Network;
			sourceTree = "<group>";
		};
/* End PBXGroup section */

/* Begin PBXNativeTarget section */
		E9F9815925C99B28002468C5 /* BitCoinTracker */ = {
			isa = PBXNativeTarget;
			buildConfigurationList = E9F9816E25C99B2A002468C5 /* Build configuration list for PBXNativeTarget "BitCoinTracker" */;
			buildPhases = (
				E9F9815625C99B28002468C5 /* Sources */,
				E9F9815725C99B28002468C5 /* Frameworks */,
				E9F9815825C99B28002468C5 /* Resources */,
			);
			buildRules = (
			);
			dependencies = (
			);
			name = BitCoinTracker;
			packageProductDependencies = (
				E9F9819325C9A242002468C5 /* Starscream */,
			);
			productName = BitCoinTracker;
			productReference = E9F9815A25C99B28002468C5 /* BitCoinTracker.app */;
			productType = "com.apple.product-type.application";
		};
/* End PBXNativeTarget section */

/* Begin PBXProject section */
		E9F9815225C99B28002468C5 /* Project object */ = {
			isa = PBXProject;
			attributes = {
				LastSwiftUpdateCheck = 1240;
				LastUpgradeCheck = 1240;
				TargetAttributes = {
					E9F9815925C99B28002468C5 = {
						CreatedOnToolsVersion = 12.4;
					};
				};
			};
			buildConfigurationList = E9F9815525C99B28002468C5 /* Build configuration list for PBXProject "BitCoinTracker" */;
			compatibilityVersion = "Xcode 9.3";
			developmentRegion = en;
			hasScannedForEncodings = 0;
			knownRegions = (
				en,
				Base,
			);
			mainGroup = E9F9815125C99B28002468C5;
			packageReferences = (
				E9F9819225C9A242002468C5 /* XCRemoteSwiftPackageReference "Starscream" */,
			);
			productRefGroup = E9F9815B25C99B28002468C5 /* Products */;
			projectDirPath = "";
			projectRoot = "";
			targets = (
				E9F9815925C99B28002468C5 /* BitCoinTracker */,
			);
		};
/* End PBXProject section */

/* Begin PBXResourcesBuildPhase section */
		E9F9815825C99B28002468C5 /* Resources */ = {
			isa = PBXResourcesBuildPhase;
			buildActionMask = 2147483647;
			files = (
				E9F9817425C99E07002468C5 /* .gitignore in Resources */,
				E9F9816A25C99B2A002468C5 /* LaunchScreen.storyboard in Resources */,
				E9F9816725C99B2A002468C5 /* Assets.xcassets in Resources */,
				E9F9816525C99B28002468C5 /* Main.storyboard in Resources */,
			);
			runOnlyForDeploymentPostprocessing = 0;
		};
/* End PBXResourcesBuildPhase section */

/* Begin PBXSourcesBuildPhase section */
		E9F9815625C99B28002468C5 /* Sources */ = {
			isa = PBXSourcesBuildPhase;
			buildActionMask = 2147483647;
			files = (
				E9F9817825C99E99002468C5 /* Currency.swift in Sources */,
				E9F9818B25C9A11C002468C5 /* NetworkProperties.swift in Sources */,
				E9F9816225C99B28002468C5 /* ViewController.swift in Sources */,
				E9F9815E25C99B28002468C5 /* AppDelegate.swift in Sources */,
				E9F9818325C99FD2002468C5 /* SubscribedObject.swift in Sources */,
				E9F9816025C99B28002468C5 /* SceneDelegate.swift in Sources */,
				E9F9817E25C99F08002468C5 /* SocketResponseObject.swift in Sources */,
				E9F9819025C9A16E002468C5 /* SocketManager.swift in Sources */,
				E9F9817B25C99ED7002468C5 /* Exchanger.swift in Sources */,
			);
			runOnlyForDeploymentPostprocessing = 0;
		};
/* End PBXSourcesBuildPhase section */

/* Begin PBXVariantGroup section */
		E9F9816325C99B28002468C5 /* Main.storyboard */ = {
			isa = PBXVariantGroup;
			children = (
				E9F9816425C99B28002468C5 /* Base */,
			);
			name = Main.storyboard;
			sourceTree = "<group>";
		};
		E9F9816825C99B2A002468C5 /* LaunchScreen.storyboard */ = {
			isa = PBXVariantGroup;
			children = (
				E9F9816925C99B2A002468C5 /* Base */,
			);
			name = LaunchScreen.storyboard;
			sourceTree = "<group>";
		};
/* End PBXVariantGroup section */

/* Begin XCBuildConfiguration section */
		E9F9816C25C99B2A002468C5 /* Debug */ = {
			isa = XCBuildConfiguration;
			buildSettings = {
				ALWAYS_SEARCH_USER_PATHS = NO;
				CLANG_ANALYZER_NONNULL = YES;
				CLANG_ANALYZER_NUMBER_OBJECT_CONVERSION = YES_AGGRESSIVE;
				CLANG_CXX_LANGUAGE_STANDARD = "gnu++14";
				CLANG_CXX_LIBRARY = "libc++";
				CLANG_ENABLE_MODULES = YES;
				CLANG_ENABLE_OBJC_ARC = YES;
				CLANG_ENABLE_OBJC_WEAK = YES;
				CLANG_WARN_BLOCK_CAPTURE_AUTORELEASING = YES;
				CLANG_WARN_BOOL_CONVERSION = YES;
				CLANG_WARN_COMMA = YES;
				CLANG_WARN_CONSTANT_CONVERSION = YES;
				CLANG_WARN_DEPRECATED_OBJC_IMPLEMENTATIONS = YES;
				CLANG_WARN_DIRECT_OBJC_ISA_USAGE = YES_ERROR;
				CLANG_WARN_DOCUMENTATION_COMMENTS = YES;
				CLANG_WARN_EMPTY_BODY = YES;
				CLANG_WARN_ENUM_CONVERSION = YES;
				CLANG_WARN_INFINITE_RECURSION = YES;
				CLANG_WARN_INT_CONVERSION = YES;
				CLANG_WARN_NON_LITERAL_NULL_CONVERSION = YES;
				CLANG_WARN_OBJC_IMPLICIT_RETAIN_SELF = YES;
				CLANG_WARN_OBJC_LITERAL_CONVERSION = YES;
				CLANG_WARN_OBJC_ROOT_CLASS = YES_ERROR;
				CLANG_WARN_QUOTED_INCLUDE_IN_FRAMEWORK_HEADER = YES;
				CLANG_WARN_RANGE_LOOP_ANALYSIS = YES;
				CLANG_WARN_STRICT_PROTOTYPES = YES;
				CLANG_WARN_SUSPICIOUS_MOVE = YES;
				CLANG_WARN_UNGUARDED_AVAILABILITY = YES_AGGRESSIVE;
				CLANG_WARN_UNREACHABLE_CODE = YES;
				CLANG_WARN__DUPLICATE_METHOD_MATCH = YES;
				COPY_PHASE_STRIP = NO;
				DEBUG_INFORMATION_FORMAT = dwarf;
				ENABLE_STRICT_OBJC_MSGSEND = YES;
				ENABLE_TESTABILITY = YES;
				GCC_C_LANGUAGE_STANDARD = gnu11;
				GCC_DYNAMIC_NO_PIC = NO;
				GCC_NO_COMMON_BLOCKS = YES;
				GCC_OPTIMIZATION_LEVEL = 0;
				GCC_PREPROCESSOR_DEFINITIONS = (
					"DEBUG=1",
					"$(inherited)",
				);
				GCC_WARN_64_TO_32_BIT_CONVERSION = YES;
				GCC_WARN_ABOUT_RETURN_TYPE = YES_ERROR;
				GCC_WARN_UNDECLARED_SELECTOR = YES;
				GCC_WARN_UNINITIALIZED_AUTOS = YES_AGGRESSIVE;
				GCC_WARN_UNUSED_FUNCTION = YES;
				GCC_WARN_UNUSED_VARIABLE = YES;
				IPHONEOS_DEPLOYMENT_TARGET = 14.4;
				MTL_ENABLE_DEBUG_INFO = INCLUDE_SOURCE;
				MTL_FAST_MATH = YES;
				ONLY_ACTIVE_ARCH = YES;
				SDKROOT = iphoneos;
				SWIFT_ACTIVE_COMPILATION_CONDITIONS = DEBUG;
				SWIFT_OPTIMIZATION_LEVEL = "-Onone";
			};
			name = Debug;
		};
		E9F9816D25C99B2A002468C5 /* Release */ = {
			isa = XCBuildConfiguration;
			buildSettings = {
				ALWAYS_SEARCH_USER_PATHS = NO;
				CLANG_ANALYZER_NONNULL = YES;
				CLANG_ANALYZER_NUMBER_OBJECT_CONVERSION = YES_AGGRESSIVE;
				CLANG_CXX_LANGUAGE_STANDARD = "gnu++14";
				CLANG_CXX_LIBRARY = "libc++";
				CLANG_ENABLE_MODULES = YES;
				CLANG_ENABLE_OBJC_ARC = YES;
				CLANG_ENABLE_OBJC_WEAK = YES;
				CLANG_WARN_BLOCK_CAPTURE_AUTORELEASING = YES;
				CLANG_WARN_BOOL_CONVERSION = YES;
				CLANG_WARN_COMMA = YES;
				CLANG_WARN_CONSTANT_CONVERSION = YES;
				CLANG_WARN_DEPRECATED_OBJC_IMPLEMENTATIONS = YES;
				CLANG_WARN_DIRECT_OBJC_ISA_USAGE = YES_ERROR;
				CLANG_WARN_DOCUMENTATION_COMMENTS = YES;
				CLANG_WARN_EMPTY_BODY = YES;
				CLANG_WARN_ENUM_CONVERSION = YES;
				CLANG_WARN_INFINITE_RECURSION = YES;
				CLANG_WARN_INT_CONVERSION = YES;
				CLANG_WARN_NON_LITERAL_NULL_CONVERSION = YES;
				CLANG_WARN_OBJC_IMPLICIT_RETAIN_SELF = YES;
				CLANG_WARN_OBJC_LITERAL_CONVERSION = YES;
				CLANG_WARN_OBJC_ROOT_CLASS = YES_ERROR;
				CLANG_WARN_QUOTED_INCLUDE_IN_FRAMEWORK_HEADER = YES;
				CLANG_WARN_RANGE_LOOP_ANALYSIS = YES;
				CLANG_WARN_STRICT_PROTOTYPES = YES;
				CLANG_WARN_SUSPICIOUS_MOVE = YES;
				CLANG_WARN_UNGUARDED_AVAILABILITY = YES_AGGRESSIVE;
				CLANG_WARN_UNREACHABLE_CODE = YES;
				CLANG_WARN__DUPLICATE_METHOD_MATCH = YES;
				COPY_PHASE_STRIP = NO;
				DEBUG_INFORMATION_FORMAT = "dwarf-with-dsym";
				ENABLE_NS_ASSERTIONS = NO;
				ENABLE_STRICT_OBJC_MSGSEND = YES;
				GCC_C_LANGUAGE_STANDARD = gnu11;
				GCC_NO_COMMON_BLOCKS = YES;
				GCC_WARN_64_TO_32_BIT_CONVERSION = YES;
				GCC_WARN_ABOUT_RETURN_TYPE = YES_ERROR;
				GCC_WARN_UNDECLARED_SELECTOR = YES;
				GCC_WARN_UNINITIALIZED_AUTOS = YES_AGGRESSIVE;
				GCC_WARN_UNUSED_FUNCTION = YES;
				GCC_WARN_UNUSED_VARIABLE = YES;
				IPHONEOS_DEPLOYMENT_TARGET = 14.4;
				MTL_ENABLE_DEBUG_INFO = NO;
				MTL_FAST_MATH = YES;
				SDKROOT = iphoneos;
				SWIFT_COMPILATION_MODE = wholemodule;
				SWIFT_OPTIMIZATION_LEVEL = "-O";
				VALIDATE_PRODUCT = YES;
			};
			name = Release;
		};
		E9F9816F25C99B2A002468C5 /* Debug */ = {
			isa = XCBuildConfiguration;
			buildSettings = {
				ASSETCATALOG_COMPILER_APPICON_NAME = AppIcon;
				ASSETCATALOG_COMPILER_GLOBAL_ACCENT_COLOR_NAME = AccentColor;
				CODE_SIGN_STYLE = Automatic;
				DEVELOPMENT_TEAM = CLP6HMD426;
				INFOPLIST_FILE = BitCoinTracker/Info.plist;
				LD_RUNPATH_SEARCH_PATHS = (
					"$(inherited)",
					"@executable_path/Frameworks",
				);
				PRODUCT_BUNDLE_IDENTIFIER = Test.BitCoinTracker;
				PRODUCT_NAME = "$(TARGET_NAME)";
				SWIFT_VERSION = 5.0;
				TARGETED_DEVICE_FAMILY = "1,2";
			};
			name = Debug;
		};
		E9F9817025C99B2A002468C5 /* Release */ = {
			isa = XCBuildConfiguration;
			buildSettings = {
				ASSETCATALOG_COMPILER_APPICON_NAME = AppIcon;
				ASSETCATALOG_COMPILER_GLOBAL_ACCENT_COLOR_NAME = AccentColor;
				CODE_SIGN_STYLE = Automatic;
				DEVELOPMENT_TEAM = CLP6HMD426;
				INFOPLIST_FILE = BitCoinTracker/Info.plist;
				LD_RUNPATH_SEARCH_PATHS = (
					"$(inherited)",
					"@executable_path/Frameworks",
				);
				PRODUCT_BUNDLE_IDENTIFIER = Test.BitCoinTracker;
				PRODUCT_NAME = "$(TARGET_NAME)";
				SWIFT_VERSION = 5.0;
				TARGETED_DEVICE_FAMILY = "1,2";
			};
			name = Release;
		};
/* End XCBuildConfiguration section */

/* Begin XCConfigurationList section */
		E9F9815525C99B28002468C5 /* Build configuration list for PBXProject "BitCoinTracker" */ = {
			isa = XCConfigurationList;
			buildConfigurations = (
				E9F9816C25C99B2A002468C5 /* Debug */,
				E9F9816D25C99B2A002468C5 /* Release */,
			);
			defaultConfigurationIsVisible = 0;
			defaultConfigurationName = Release;
		};
		E9F9816E25C99B2A002468C5 /* Build configuration list for PBXNativeTarget "BitCoinTracker" */ = {
			isa = XCConfigurationList;
			buildConfigurations = (
				E9F9816F25C99B2A002468C5 /* Debug */,
				E9F9817025C99B2A002468C5 /* Release */,
			);
			defaultConfigurationIsVisible = 0;
			defaultConfigurationName = Release;
		};
/* End XCConfigurationList section */

/* Begin XCRemoteSwiftPackageReference section */
		E9F9819225C9A242002468C5 /* XCRemoteSwiftPackageReference "Starscream" */ = {
			isa = XCRemoteSwiftPackageReference;
			repositoryURL = "https://github.com/daltoniam/Starscream";
			requirement = {
				kind = upToNextMajorVersion;
				minimumVersion = 4.0.4;
			};
		};
/* End XCRemoteSwiftPackageReference section */

/* Begin XCSwiftPackageProductDependency section */
		E9F9819325C9A242002468C5 /* Starscream */ = {
			isa = XCSwiftPackageProductDependency;
			package = E9F9819225C9A242002468C5 /* XCRemoteSwiftPackageReference "Starscream" */;
			productName = Starscream;
		};
/* End XCSwiftPackageProductDependency section */
	};
	rootObject = E9F9815225C99B28002468C5 /* Project object */;
}
